
Microsoft Visual Studio Solution File, Format Version 9.00
# Visual Studio 2005
Project("{E24C65DC-7377-472B-9ABA-BC803B73C61A}") = "E:\...\543-2dazi\", ".", "{B0F95642-B27B-4768-8013-0807BE485C15}"
	ProjectSection(WebsiteProperties) = preProject
		Debug.AspNetCompiler.VirtualPath = "/543-2dazi"
		Debug.AspNetCompiler.PhysicalPath = "E:\项目\未分类\543-2dazi\"
		Debug.AspNetCompiler.TargetPath = "PrecompiledWeb\543-2dazi\"
		Debug.AspNetCompiler.Updateable = "true"
		Debug.AspNetCompiler.ForceOverwrite = "true"
		Debug.AspNetCompiler.FixedNames = "false"
		Debug.AspNetCompiler.Debug = "True"
		Release.AspNetCompiler.VirtualPath = "/543-2dazi"
		Release.AspNetCompiler.PhysicalPath = "E:\项目\未分类\543-2dazi\"
		Release.AspNetCompiler.TargetPath = "PrecompiledWeb\543-2dazi\"
		Release.AspNetCompiler.Updateable = "true"
		Release.AspNetCompiler.ForceOverwrite = "true"
		Release.AspNetCompiler.FixedNames = "false"
		Release.AspNetCompiler.Debug = "False"
		VWDPort = "2539"
		VWDVirtualPath = "/"
	EndProjectSection
EndProject
Global
	GlobalSection(SolutionConfigurationPlatforms) = preSolution
		Debug|.NET = Debug|.NET
	EndGlobalSection
	GlobalSection(ProjectConfigurationPlatforms) = postSolution
		{B0F95642-B27B-4768-8013-0807BE485C15}.Debug|.NET.ActiveCfg = Debug|.NET
		{B0F95642-B27B-4768-8013-0807BE485C15}.Debug|.NET.Build.0 = Debug|.NET
	EndGlobalSection
	GlobalSection(SolutionProperties) = preSolution
		HideSolutionNode = FALSE
	EndGlobalSection
EndGlobal
